Microsoft Visual Studio Solution File, Format Version 12.00
# Visual Studio 15
VisualStudioVersion = 15.0.28307.271
MinimumVisualStudioVersion = 10.0.40219.1
Project("{FAE04EC0-301F-11D3-BF4B-00C04F79EFBC}") = "TagRides", "TagRides\TagRides.csproj", "{96886B31-8C84-4F63-A32D-1A93739F8240}"
EndProject
Project("{9A19103F-16F7-4668-BE54-9A1E7A4F7556}") = "TagRides.Shared", "TagRides.Shared\TagRides.Shared.csproj", "{893845B6-8187-48CA-8188-3B31F86FB36A}"
EndProject
Project("{9A19103F-16F7-4668-BE54-9A1E7A4F7556}") = "TagRides.Server", "TagRides.Server\TagRides.Server.csproj", "{76A6C2AD-701F-485C-8A78-97D6BF6BDA5E}"
EndProject
Project("{FAE04EC0-301F-11D3-BF4B-00C04F79EFBC}") = "TagRides.Android", "TagRides.Android\TagRides.Android.csproj", "{DF1C3BD6-8342-4653-8A27-0A4710EC14AA}"
EndProject
Project("{FAE04EC0-301F-11D3-BF4B-00C04F79EFBC}") = "TagRides.iOS", "TagRides.iOS\TagRides.iOS.csproj", "{AA6A161A-0628-46E4-9775-BE71067B8D21}"
EndProject
Project("{2150E333-8FDC-42A3-9474-1A3956D46DE8}") = "Tests", "Tests", "{F4C4EE4C-11B2-423D-9DE4-1F889D6EB17A}"
EndProject
Project("{FAE04EC0-301F-11D3-BF4B-00C04F79EFBC}") = "TagRides.Shared.Tests", "TagRides.Shared.Tests\TagRides.Shared.Tests.csproj", "{BFFED19F-4F07-4FEB-859A-6BCC0B6C0C23}"
EndProject
Project("{9344BDBB-3E7F-41FC-A0DD-8665D75EE146}") = "docker-compose", "docker-compose.dcproj", "{DBD7F48C-C8F8-4439-B9CB-3EA7A2998151}"
EndProject
Global
	GlobalSection(SolutionConfigurationPlatforms) = preSolution
		Ad-Hoc|Any CPU = Ad-Hoc|Any CPU
		Ad-Hoc|iPhone = Ad-Hoc|iPhone
		Ad-Hoc|iPhoneSimulator = Ad-Hoc|iPhoneSimulator
		AppStore|Any CPU = AppStore|Any CPU
		AppStore|iPhone = AppStore|iPhone
		AppStore|iPhoneSimulator = AppStore|iPhoneSimulator
		Debug|Any CPU = Debug|Any CPU
		Debug|iPhone = Debug|iPhone
		Debug|iPhoneSimulator = Debug|iPhoneSimulator
		Release|Any CPU = Release|Any CPU
		Release|iPhone = Release|iPhone
		Release|iPhoneSimulator = Release|iPhoneSimulator
	EndGlobalSection
	GlobalSection(ProjectConfigurationPlatforms) = postSolution
		{96886B31-8C84-4F63-A32D-1A93739F8240}.Ad-Hoc|Any CPU.ActiveCfg = Release|Any CPU
		{96886B31-8C84-4F63-A32D-1A93739F8240}.Ad-Hoc|Any CPU.Build.0 = Release|Any CPU
		{96886B31-8C84-4F63-A32D-1A93739F8240}.Ad-Hoc|iPhone.ActiveCfg = Debug|Any CPU
		{96886B31-8C84-4F63-A32D-1A93739F8240}.Ad-Hoc|iPhone.Build.0 = Debug|Any CPU
		{96886B31-8C84-4F63-A32D-1A93739F8240}.Ad-Hoc|iPhoneSimulator.ActiveCfg = Release|Any CPU
		{96886B31-8C84-4F63-A32D-1A93739F8240}.Ad-Hoc|iPhoneSimulator.Build.0 = Release|Any CPU
		{96886B31-8C84-4F63-A32D-1A93739F8240}.AppStore|Any CPU.ActiveCfg = Release|Any CPU
		{96886B31-8C84-4F63-A32D-1A93739F8240}.AppStore|Any CPU.Build.0 = Release|Any CPU
		{96886B31-8C84-4F63-A32D-1A93739F8240}.AppStore|iPhone.ActiveCfg = Debug|Any CPU
		{96886B31-8C84-4F63-A32D-1A93739F8240}.AppStore|iPhone.Build.0 = Debug|Any CPU
		{96886B31-8C84-4F63-A32D-1A93739F8240}.AppStore|iPhoneSimulator.ActiveCfg = Release|Any CPU
		{96886B31-8C84-4F63-A32D-1A93739F8240}.AppStore|iPhoneSimulator.Build.0 = Release|Any CPU
		{96886B31-8C84-4F63-A32D-1A93739F8240}.Debug|Any CPU.ActiveCfg = Debug|Any CPU
		{96886B31-8C84-4F63-A32D-1A93739F8240}.Debug|Any CPU.Build.0 = Debug|Any CPU
		{96886B31-8C84-4F63-A32D-1A93739F8240}.Debug|iPhone.ActiveCfg = Debug|Any CPU
		{96886B31-8C84-4F63-A32D-1A93739F8240}.Debug|iPhone.Build.0 = Debug|Any CPU
		{96886B31-8C84-4F63-A32D-1A93739F8240}.Debug|iPhoneSimulator.ActiveCfg = Debug|Any CPU
		{96886B31-8C84-4F63-A32D-1A93739F8240}.Debug|iPhoneSimulator.Build.0 = Debug|Any CPU
		{96886B31-8C84-4F63-A32D-1A93739F8240}.Release|Any CPU.ActiveCfg = Release|Any CPU
		{96886B31-8C84-4F63-A32D-1A93739F8240}.Release|Any CPU.Build.0 = Release|Any CPU
		{96886B31-8C84-4F63-A32D-1A93739F8240}.Release|iPhone.ActiveCfg = Release|Any CPU
		{96886B31-8C84-4F63-A32D-1A93739F8240}.Release|iPhone.Build.0 = Release|Any CPU
		{96886B31-8C84-4F63-A32D-1A93739F8240}.Release|iPhoneSimulator.ActiveCfg = Release|Any CPU
		{96886B31-8C84-4F63-A32D-1A93739F8240}.Release|iPhoneSimulator.Build.0 = Release|Any CPU
		{893845B6-8187-48CA-8188-3B31F86FB36A}.Ad-Hoc|Any CPU.ActiveCfg = Debug|Any CPU
		{893845B6-8187-48CA-8188-3B31F86FB36A}.Ad-Hoc|Any CPU.Build.0 = Debug|Any CPU
		{893845B6-8187-48CA-8188-3B31F86FB36A}.Ad-Hoc|iPhone.ActiveCfg = Release|Any CPU
		{893845B6-8187-48CA-8188-3B31F86FB36A}.Ad-Hoc|iPhone.Build.0 = Release|Any CPU
		{893845B6-8187-48CA-8188-3B31F86FB36A}.Ad-Hoc|iPhoneSimulator.ActiveCfg = Debug|Any CPU
		{893845B6-8187-48CA-8188-3B31F86FB36A}.Ad-Hoc|iPhoneSimulator.Build.0 = Debug|Any CPU
		{893845B6-8187-48CA-8188-3B31F86FB36A}.AppStore|Any CPU.ActiveCfg = Debug|Any CPU
		{893845B6-8187-48CA-8188-3B31F86FB36A}.AppStore|Any CPU.Build.0 = Debug|Any CPU
		{893845B6-8187-48CA-8188-3B31F86FB36A}.AppStore|iPhone.ActiveCfg = Release|Any CPU
		{893845B6-8187-48CA-8188-3B31F86FB36A}.AppStore|iPhone.Build.0 = Release|Any CPU
		{893845B6-8187-48CA-8188-3B31F86FB36A}.AppStore|iPhoneSimulator.ActiveCfg = Debug|Any CPU
		{893845B6-8187-48CA-8188-3B31F86FB36A}.AppStore|iPhoneSimulator.Build.0 = Debug|Any CPU
		{893845B6-8187-48CA-8188-3B31F86FB36A}.Debug|Any CPU.ActiveCfg = Debug|Any CPU
		{893845B6-8187-48CA-8188-3B31F86FB36A}.Debug|Any CPU.Build.0 = Debug|Any CPU
		{893845B6-8187-48CA-8188-3B31F86FB36A}.Debug|iPhone.ActiveCfg = Debug|Any CPU
		{893845B6-8187-48CA-8188-3B31F86FB36A}.Debug|iPhone.Build.0 = Debug|Any CPU
		{893845B6-8187-48CA-8188-3B31F86FB36A}.Debug|iPhoneSimulator.ActiveCfg = Debug|Any CPU
		{893845B6-8187-48CA-8188-3B31F86FB36A}.Debug|iPhoneSimulator.Build.0 = Debug|Any CPU
		{893845B6-8187-48CA-8188-3B31F86FB36A}.Release|Any CPU.ActiveCfg = Release|Any CPU
		{893845B6-8187-48CA-8188-3B31F86FB36A}.Release|Any CPU.Build.0 = Release|Any CPU
		{893845B6-8187-48CA-8188-3B31F86FB36A}.Release|iPhone.ActiveCfg = Release|Any CPU
		{893845B6-8187-48CA-8188-3B31F86FB36A}.Release|iPhone.Build.0 = Release|Any CPU
		{893845B6-8187-48CA-8188-3B31F86FB36A}.Release|iPhoneSimulator.ActiveCfg = Release|Any CPU
		{893845B6-8187-48CA-8188-3B31F86FB36A}.Release|iPhoneSimulator.Build.0 = Release|Any CPU
		{76A6C2AD-701F-485C-8A78-97D6BF6BDA5E}.Ad-Hoc|Any CPU.ActiveCfg = Debug|Any CPU
		{76A6C2AD-701F-485C-8A78-97D6BF6BDA5E}.Ad-Hoc|Any CPU.Build.0 = Debug|Any CPU
		{76A6C2AD-701F-485C-8A78-97D6BF6BDA5E}.Ad-Hoc|iPhone.ActiveCfg = Debug|Any CPU
		{76A6C2AD-701F-485C-8A78-97D6BF6BDA5E}.Ad-Hoc|iPhone.Build.0 = Debug|Any CPU
		{76A6C2AD-701F-485C-8A78-97D6BF6BDA5E}.Ad-Hoc|iPhoneSimulator.ActiveCfg = Debug|Any CPU
		{76A6C2AD-701F-485C-8A78-97D6BF6BDA5E}.Ad-Hoc|iPhoneSimulator.Build.0 = Debug|Any CPU
		{76A6C2AD-701F-485C-8A78-97D6BF6BDA5E}.AppStore|Any CPU.ActiveCfg = Debug|Any CPU
		{76A6C2AD-701F-485C-8A78-97D6BF6BDA5E}.AppStore|Any CPU.Build.0 = Debug|Any CPU
		{76A6C2AD-701F-485C-8A78-97D6BF6BDA5E}.AppStore|iPhone.ActiveCfg = Debug|Any CPU
		{76A6C2AD-701F-485C-8A78-97D6BF6BDA5E}.AppStore|iPhone.Build.0 = Debug|Any CPU
		{76A6C2AD-701F-485C-8A78-97D6BF6BDA5E}.AppStore|iPhoneSimulator.ActiveCfg = Debug|Any CPU
		{76A6C2AD-701F-485C-8A78-97D6BF6BDA5E}.AppStore|iPhoneSimulator.Build.0 = Debug|Any CPU
		{76A6C2AD-701F-485C-8A78-97D6BF6BDA5E}.Debug|Any CPU.ActiveCfg = Debug|Any CPU
		{76A6C2AD-701F-485C-8A78-97D6BF6BDA5E}.Debug|Any CPU.Build.0 = Debug|Any CPU
		{76A6C2AD-701F-485C-8A78-97D6BF6BDA5E}.Debug|iPhone.ActiveCfg = Debug|Any CPU
		{76A6C2AD-701F-485C-8A78-97D6BF6BDA5E}.Debug|iPhone.Build.0 = Debug|Any CPU
		{76A6C2AD-701F-485C-8A78-97D6BF6BDA5E}.Debug|iPhoneSimulator.ActiveCfg = Debug|Any CPU
		{76A6C2AD-701F-485C-8A78-97D6BF6BDA5E}.Debug|iPhoneSimulator.Build.0 = Debug|Any CPU
		{76A6C2AD-701F-485C-8A78-97D6BF6BDA5E}.Release|Any CPU.ActiveCfg = Release|Any CPU
		{76A6C2AD-701F-485C-8A78-97D6BF6BDA5E}.Release|Any CPU.Build.0 = Release|Any CPU
		{76A6C2AD-701F-485C-8A78-97D6BF6BDA5E}.Release|iPhone.ActiveCfg = Release|Any CPU
		{76A6C2AD-701F-485C-8A78-97D6BF6BDA5E}.Release|iPhone.Build.0 = Release|Any CPU
		{76A6C2AD-701F-485C-8A78-97D6BF6BDA5E}.Release|iPhoneSimulator.ActiveCfg = Release|Any CPU
		{76A6C2AD-701F-485C-8A78-97D6BF6BDA5E}.Release|iPhoneSimulator.Build.0 = Release|Any CPU
		{DF1C3BD6-8342-4653-8A27-0A4710EC14AA}.Ad-Hoc|Any CPU.ActiveCfg = Release|Any CPU
		{DF1C3BD6-8342-4653-8A27-0A4710EC14AA}.Ad-Hoc|Any CPU.Build.0 = Release|Any CPU
		{DF1C3BD6-8342-4653-8A27-0A4710EC14AA}.Ad-Hoc|Any CPU.Deploy.0 = Release|Any CPU
		{DF1C3BD6-8342-4653-8A27-0A4710EC14AA}.Ad-Hoc|iPhone.ActiveCfg = Debug|Any CPU
		{DF1C3BD6-8342-4653-8A27-0A4710EC14AA}.Ad-Hoc|iPhone.Build.0 = Debug|Any CPU
		{DF1C3BD6-8342-4653-8A27-0A4710EC14AA}.Ad-Hoc|iPhoneSimulator.ActiveCfg = Release|Any CPU
		{DF1C3BD6-8342-4653-8A27-0A4710EC14AA}.Ad-Hoc|iPhoneSimulator.Build.0 = Release|Any CPU
		{DF1C3BD6-8342-4653-8A27-0A4710EC14AA}.Ad-Hoc|iPhoneSimulator.Deploy.0 = Release|Any CPU
		{DF1C3BD6-8342-4653-8A27-0A4710EC14AA}.AppStore|Any CPU.ActiveCfg = Release|Any CPU
		{DF1C3BD6-8342-4653-8A27-0A4710EC14AA}.AppStore|Any CPU.Build.0 = Release|Any CPU
		{DF1C3BD6-8342-4653-8A27-0A4710EC14AA}.AppStore|Any CPU.Deploy.0 = Release|Any CPU
		{DF1C3BD6-8342-4653-8A27-0A4710EC14AA}.AppStore|iPhone.ActiveCfg = Debug|Any CPU
		{DF1C3BD6-8342-4653-8A27-0A4710EC14AA}.AppStore|iPhone.Build.0 = Debug|Any CPU
		{DF1C3BD6-8342-4653-8A27-0A4710EC14AA}.AppStore|iPhoneSimulator.ActiveCfg = Release|Any CPU
		{DF1C3BD6-8342-4653-8A27-0A4710EC14AA}.AppStore|iPhoneSimulator.Build.0 = Release|Any CPU
		{DF1C3BD6-8342-4653-8A27-0A4710EC14AA}.AppStore|iPhoneSimulator.Deploy.0 = Release|Any CPU
		{DF1C3BD6-8342-4653-8A27-0A4710EC14AA}.Debug|Any CPU.ActiveCfg = Debug|Any CPU
		{DF1C3BD6-8342-4653-8A27-0A4710EC14AA}.Debug|Any CPU.Build.0 = Debug|Any CPU
		{DF1C3BD6-8342-4653-8A27-0A4710EC14AA}.Debug|Any CPU.Deploy.0 = Debug|Any CPU
		{DF1C3BD6-8342-4653-8A27-0A4710EC14AA}.Debug|iPhone.ActiveCfg = Debug|Any CPU
		{DF1C3BD6-8342-4653-8A27-0A4710EC14AA}.Debug|iPhone.Build.0 = Debug|Any CPU
		{DF1C3BD6-8342-4653-8A27-0A4710EC14AA}.Debug|iPhoneSimulator.ActiveCfg = Debug|Any CPU
		{DF1C3BD6-8342-4653-8A27-0A4710EC14AA}.Debug|iPhoneSimulator.Build.0 = Debug|Any CPU
		{DF1C3BD6-8342-4653-8A27-0A4710EC14AA}.Release|Any CPU.ActiveCfg = Release|Any CPU
		{DF1C3BD6-8342-4653-8A27-0A4710EC14AA}.Release|Any CPU.Build.0 = Release|Any CPU
		{DF1C3BD6-8342-4653-8A27-0A4710EC14AA}.Release|iPhone.ActiveCfg = Release|Any CPU
		{DF1C3BD6-8342-4653-8A27-0A4710EC14AA}.Release|iPhone.Build.0 = Release|Any CPU
		{DF1C3BD6-8342-4653-8A27-0A4710EC14AA}.Release|iPhoneSimulator.ActiveCfg = Release|Any CPU
		{DF1C3BD6-8342-4653-8A27-0A4710EC14AA}.Release|iPhoneSimulator.Build.0 = Release|Any CPU
		{AA6A161A-0628-46E4-9775-BE71067B8D21}.Ad-Hoc|Any CPU.ActiveCfg = Ad-Hoc|iPhoneSimulator
		{AA6A161A-0628-46E4-9775-BE71067B8D21}.Ad-Hoc|iPhone.ActiveCfg = Ad-Hoc|iPhone
		{AA6A161A-0628-46E4-9775-BE71067B8D21}.Ad-Hoc|iPhone.Build.0 = Ad-Hoc|iPhone
		{AA6A161A-0628-46E4-9775-BE71067B8D21}.Ad-Hoc|iPhoneSimulator.ActiveCfg = Ad-Hoc|iPhoneSimulator
		{AA6A161A-0628-46E4-9775-BE71067B8D21}.Ad-Hoc|iPhoneSimulator.Build.0 = Ad-Hoc|iPhoneSimulator
		{AA6A161A-0628-46E4-9775-BE71067B8D21}.AppStore|Any CPU.ActiveCfg = AppStore|iPhoneSimulator
		{AA6A161A-0628-46E4-9775-BE71067B8D21}.AppStore|iPhone.ActiveCfg = AppStore|iPhone
		{AA6A161A-0628-46E4-9775-BE71067B8D21}.AppStore|iPhone.Build.0 = AppStore|iPhone
		{AA6A161A-0628-46E4-9775-BE71067B8D21}.AppStore|iPhoneSimulator.ActiveCfg = AppStore|iPhoneSimulator
		{AA6A161A-0628-46E4-9775-BE71067B8D21}.AppStore|iPhoneSimulator.Build.0 = AppStore|iPhoneSimulator
		{AA6A161A-0628-46E4-9775-BE71067B8D21}.Debug|Any CPU.ActiveCfg = Debug|iPhoneSimulator
		{AA6A161A-0628-46E4-9775-BE71067B8D21}.Debug|Any CPU.Build.0 = Debug|iPhoneSimulator
		{AA6A161A-0628-46E4-9775-BE71067B8D21}.Debug|iPhone.ActiveCfg = Debug|iPhone
		{AA6A161A-0628-46E4-9775-BE71067B8D21}.Debug|iPhone.Build.0 = Debug|iPhone
		{AA6A161A-0628-46E4-9775-BE71067B8D21}.Debug|iPhoneSimulator.ActiveCfg = Debug|iPhoneSimulator
		{AA6A161A-0628-46E4-9775-BE71067B8D21}.Debug|iPhoneSimulator.Build.0 = Debug|iPhoneSimulator
		{AA6A161A-0628-46E4-9775-BE71067B8D21}.Release|Any CPU.ActiveCfg = Release|iPhoneSimulator
		{AA6A161A-0628-46E4-9775-BE71067B8D21}.Release|Any CPU.Build.0 = Release|iPhoneSimulator
		{AA6A161A-0628-46E4-9775-BE71067B8D21}.Release|iPhone.ActiveCfg = Release|iPhone
		{AA6A161A-0628-46E4-9775-BE71067B8D21}.Release|iPhone.Build.0 = Release|iPhone
		{AA6A161A-0628-46E4-9775-BE71067B8D21}.Release|iPhoneSimulator.ActiveCfg = Release|iPhoneSimulator
		{AA6A161A-0628-46E4-9775-BE71067B8D21}.Release|iPhoneSimulator.Build.0 = Release|iPhoneSimulator
		{BFFED19F-4F07-4FEB-859A-6BCC0B6C0C23}.Ad-Hoc|Any CPU.ActiveCfg = Release|Any CPU
		{BFFED19F-4F07-4FEB-859A-6BCC0B6C0C23}.Ad-Hoc|Any CPU.Build.0 = Release|Any CPU
		{BFFED19F-4F07-4FEB-859A-6BCC0B6C0C23}.Ad-Hoc|iPhone.ActiveCfg = Release|Any CPU
		{BFFED19F-4F07-4FEB-859A-6BCC0B6C0C23}.Ad-Hoc|iPhone.Build.0 = Release|Any CPU
		{BFFED19F-4F07-4FEB-859A-6BCC0B6C0C23}.Ad-Hoc|iPhoneSimulator.ActiveCfg = Release|Any CPU
		{BFFED19F-4F07-4FEB-859A-6BCC0B6C0C23}.Ad-Hoc|iPhoneSimulator.Build.0 = Release|Any CPU
		{BFFED19F-4F07-4FEB-859A-6BCC0B6C0C23}.AppStore|Any CPU.ActiveCfg = Release|Any CPU
		{BFFED19F-4F07-4FEB-859A-6BCC0B6C0C23}.AppStore|Any CPU.Build.0 = Release|Any CPU
		{BFFED19F-4F07-4FEB-859A-6BCC0B6C0C23}.AppStore|iPhone.ActiveCfg = Release|Any CPU
		{BFFED19F-4F07-4FEB-859A-6BCC0B6C0C23}.AppStore|iPhone.Build.0 = Release|Any CPU
		{BFFED19F-4F07-4FEB-859A-6BCC0B6C0C23}.AppStore|iPhoneSimulator.ActiveCfg = Release|Any CPU
		{BFFED19F-4F07-4FEB-859A-6BCC0B6C0C23}.AppStore|iPhoneSimulator.Build.0 = Release|Any CPU
		{BFFED19F-4F07-4FEB-859A-6BCC0B6C0C23}.Debug|Any CPU.ActiveCfg = Debug|Any CPU
		{BFFED19F-4F07-4FEB-859A-6BCC0B6C0C23}.Debug|Any CPU.Build.0 = Debug|Any CPU
		{BFFED19F-4F07-4FEB-859A-6BCC0B6C0C23}.Debug|iPhone.ActiveCfg = Debug|Any CPU
		{BFFED19F-4F07-4FEB-859A-6BCC0B6C0C23}.Debug|iPhone.Build.0 = Debug|Any CPU
		{BFFED19F-4F07-4FEB-859A-6BCC0B6C0C23}.Debug|iPhoneSimulator.ActiveCfg = Debug|Any CPU
		{BFFED19F-4F07-4FEB-859A-6BCC0B6C0C23}.Debug|iPhoneSimulator.Build.0 = Debug|Any CPU
		{BFFED19F-4F07-4FEB-859A-6BCC0B6C0C23}.Release|Any CPU.ActiveCfg = Release|Any CPU
		{BFFED19F-4F07-4FEB-859A-6BCC0B6C0C23}.Release|Any CPU.Build.0 = Release|Any CPU
		{BFFED19F-4F07-4FEB-859A-6BCC0B6C0C23}.Release|iPhone.ActiveCfg = Release|Any CPU
		{BFFED19F-4F07-4FEB-859A-6BCC0B6C0C23}.Release|iPhone.Build.0 = Release|Any CPU
		{BFFED19F-4F07-4FEB-859A-6BCC0B6C0C23}.Release|iPhoneSimulator.ActiveCfg = Release|Any CPU
		{BFFED19F-4F07-4FEB-859A-6BCC0B6C0C23}.Release|iPhoneSimulator.Build.0 = Release|Any CPU
		{DBD7F48C-C8F8-4439-B9CB-3EA7A2998151}.Ad-Hoc|Any CPU.ActiveCfg = Debug|Any CPU
		{DBD7F48C-C8F8-4439-B9CB-3EA7A2998151}.Ad-Hoc|Any CPU.Build.0 = Debug|Any CPU
		{DBD7F48C-C8F8-4439-B9CB-3EA7A2998151}.Ad-Hoc|iPhone.ActiveCfg = Debug|Any CPU
		{DBD7F48C-C8F8-4439-B9CB-3EA7A2998151}.Ad-Hoc|iPhone.Build.0 = Debug|Any CPU
		{DBD7F48C-C8F8-4439-B9CB-3EA7A2998151}.Ad-Hoc|iPhoneSimulator.ActiveCfg = Debug|Any CPU
		{DBD7F48C-C8F8-4439-B9CB-3EA7A2998151}.Ad-Hoc|iPhoneSimulator.Build.0 = Debug|Any CPU
		{DBD7F48C-C8F8-4439-B9CB-3EA7A2998151}.AppStore|Any CPU.ActiveCfg = Debug|Any CPU
		{DBD7F48C-C8F8-4439-B9CB-3EA7A2998151}.AppStore|Any CPU.Build.0 = Debug|Any CPU
		{DBD7F48C-C8F8-4439-B9CB-3EA7A2998151}.AppStore|iPhone.ActiveCfg = Debug|Any CPU
		{DBD7F48C-C8F8-4439-B9CB-3EA7A2998151}.AppStore|iPhone.Build.0 = Debug|Any CPU
		{DBD7F48C-C8F8-4439-B9CB-3EA7A2998151}.AppStore|iPhoneSimulator.ActiveCfg = Debug|Any CPU
		{DBD7F48C-C8F8-4439-B9CB-3EA7A2998151}.AppStore|iPhoneSimulator.Build.0 = Debug|Any CPU
		{DBD7F48C-C8F8-4439-B9CB-3EA7A2998151}.Debug|Any CPU.ActiveCfg = Debug|Any CPU
		{DBD7F48C-C8F8-4439-B9CB-3EA7A2998151}.Debug|Any CPU.Build.0 = Debug|Any CPU
		{DBD7F48C-C8F8-4439-B9CB-3EA7A2998151}.Debug|iPhone.ActiveCfg = Debug|Any CPU
		{DBD7F48C-C8F8-4439-B9CB-3EA7A2998151}.Debug|iPhone.Build.0 = Debug|Any CPU
		{DBD7F48C-C8F8-4439-B9CB-3EA7A2998151}.Debug|iPhoneSimulator.ActiveCfg = Debug|Any CPU
		{DBD7F48C-C8F8-4439-B9CB-3EA7A2998151}.Debug|iPhoneSimulator.Build.0 = Debug|Any CPU
		{DBD7F48C-C8F8-4439-B9CB-3EA7A2998151}.Release|Any CPU.ActiveCfg = Release|Any CPU
		{DBD7F48C-C8F8-4439-B9CB-3EA7A2998151}.Release|Any CPU.Build.0 = Release|Any CPU
		{DBD7F48C-C8F8-4439-B9CB-3EA7A2998151}.Release|iPhone.ActiveCfg = Release|Any CPU
		{DBD7F48C-C8F8-4439-B9CB-3EA7A2998151}.Release|iPhone.Build.0 = Release|Any CPU
		{DBD7F48C-C8F8-4439-B9CB-3EA7A2998151}.Release|iPhoneSimulator.ActiveCfg = Release|Any CPU
		{DBD7F48C-C8F8-4439-B9CB-3EA7A2998151}.Release|iPhoneSimulator.Build.0 = Release|Any CPU
	EndGlobalSection
	GlobalSection(SolutionProperties) = preSolution
		HideSolutionNode = FALSE
	EndGlobalSection
	GlobalSection(ExtensibilityGlobals) = postSolution
		SolutionGuid = {82F1A6B1-4C16-4EA3-8E3F-D005DD3BF01F}
	EndGlobalSection
	GlobalSection(MonoDevelopProperties) = preSolution
		Policies = $0
		$0.TextStylePolicy = $14
	EndGlobalSection
	GlobalSection(NestedProjects) = preSolution
		{BFFED19F-4F07-4FEB-859A-6BCC0B6C0C23} = {F4C4EE4C-11B2-423D-9DE4-1F889D6EB17A}
	EndGlobalSection
EndGlobal
